// !$*UTF8*$!
{
	archiveVersion = 1;
	classes = {
	};
	objectVersion = 50;
	objects = {

/* Begin PBXBuildFile section */
		07D09C7F21E6E28A00C262C6 /* InfoTableViewController.swift in Sources */ = {isa = PBXBuildFile; fileRef = 07D09C7E21E6E28A00C262C6 /* InfoTableViewController.swift */; };
		07D09C8021E6E28A00C262C6 /* InfoTableViewController.swift in Sources */ = {isa = PBXBuildFile; fileRef = 07D09C7E21E6E28A00C262C6 /* InfoTableViewController.swift */; };
		07D09C8121E6E28A00C262C6 /* InfoTableViewController.swift in Sources */ = {isa = PBXBuildFile; fileRef = 07D09C7E21E6E28A00C262C6 /* InfoTableViewController.swift */; };
		07D09C9421E70A7800C262C6 /* TouchNodeBundle.swift in Sources */ = {isa = PBXBuildFile; fileRef = 07D09C9321E70A7800C262C6 /* TouchNodeBundle.swift */; };
		07D09C9521E70A7800C262C6 /* TouchNodeBundle.swift in Sources */ = {isa = PBXBuildFile; fileRef = 07D09C9321E70A7800C262C6 /* TouchNodeBundle.swift */; };
		07D09C9621E70A7800C262C6 /* TouchNodeBundle.swift in Sources */ = {isa = PBXBuildFile; fileRef = 07D09C9321E70A7800C262C6 /* TouchNodeBundle.swift */; };
		07D09C9821E70ABD00C262C6 /* TouchNode.swift in Sources */ = {isa = PBXBuildFile; fileRef = 07D09C9721E70ABD00C262C6 /* TouchNode.swift */; };
		07D09C9921E70ABD00C262C6 /* TouchNode.swift in Sources */ = {isa = PBXBuildFile; fileRef = 07D09C9721E70ABD00C262C6 /* TouchNode.swift */; };
		07D09C9A21E70ABD00C262C6 /* TouchNode.swift in Sources */ = {isa = PBXBuildFile; fileRef = 07D09C9721E70ABD00C262C6 /* TouchNode.swift */; };
		07D09C9C21E70C1400C262C6 /* NodeBundleListBuilder.swift in Sources */ = {isa = PBXBuildFile; fileRef = 07D09C9B21E70C1400C262C6 /* NodeBundleListBuilder.swift */; };
		07D09C9D21E70C1400C262C6 /* NodeBundleListBuilder.swift in Sources */ = {isa = PBXBuildFile; fileRef = 07D09C9B21E70C1400C262C6 /* NodeBundleListBuilder.swift */; };
		07D09C9E21E70C1400C262C6 /* NodeBundleListBuilder.swift in Sources */ = {isa = PBXBuildFile; fileRef = 07D09C9B21E70C1400C262C6 /* NodeBundleListBuilder.swift */; };
		07D09CA021E70D5000C262C6 /* NodeBundleListPositioner.swift in Sources */ = {isa = PBXBuildFile; fileRef = 07D09C9F21E70D5000C262C6 /* NodeBundleListPositioner.swift */; };
		07D09CA121E70D5000C262C6 /* NodeBundleListPositioner.swift in Sources */ = {isa = PBXBuildFile; fileRef = 07D09C9F21E70D5000C262C6 /* NodeBundleListPositioner.swift */; };
		07D09CA221E70D5000C262C6 /* NodeBundleListPositioner.swift in Sources */ = {isa = PBXBuildFile; fileRef = 07D09C9F21E70D5000C262C6 /* NodeBundleListPositioner.swift */; };
		07D7197521E6AA510076D2CC /* AppDelegate.swift in Sources */ = {isa = PBXBuildFile; fileRef = 07D7197421E6AA510076D2CC /* AppDelegate.swift */; };
		07D7197721E6AA510076D2CC /* GameScene.sks in Resources */ = {isa = PBXBuildFile; fileRef = 07D7197621E6AA510076D2CC /* GameScene.sks */; };
		07D7197B21E6AA510076D2CC /* GameScene.swift in Sources */ = {isa = PBXBuildFile; fileRef = 07D7197A21E6AA510076D2CC /* GameScene.swift */; };
		07D7197D21E6AA510076D2CC /* GameViewController.swift in Sources */ = {isa = PBXBuildFile; fileRef = 07D7197C21E6AA510076D2CC /* GameViewController.swift */; };
		07D7198021E6AA510076D2CC /* Main.storyboard in Resources */ = {isa = PBXBuildFile; fileRef = 07D7197E21E6AA510076D2CC /* Main.storyboard */; };
		07D7198221E6AA520076D2CC /* Assets.xcassets in Resources */ = {isa = PBXBuildFile; fileRef = 07D7198121E6AA520076D2CC /* Assets.xcassets */; };
		07D7198521E6AA520076D2CC /* LaunchScreen.storyboard in Resources */ = {isa = PBXBuildFile; fileRef = 07D7198321E6AA520076D2CC /* LaunchScreen.storyboard */; };
		07D7199021E6AA520076D2CC /* InterestingInfoTests.swift in Sources */ = {isa = PBXBuildFile; fileRef = 07D7198F21E6AA520076D2CC /* InterestingInfoTests.swift */; };
		07D7199B21E6AA520076D2CC /* InterestingInfoUITests.swift in Sources */ = {isa = PBXBuildFile; fileRef = 07D7199A21E6AA520076D2CC /* InterestingInfoUITests.swift */; };
/* End PBXBuildFile section */

/* Begin PBXContainerItemProxy section */
		07D7198C21E6AA520076D2CC /* PBXContainerItemProxy */ = {
			isa = PBXContainerItemProxy;
			containerPortal = 07D7196921E6AA510076D2CC /* Project object */;
			proxyType = 1;
			remoteGlobalIDString = 07D7197021E6AA510076D2CC;
			remoteInfo = InterestingInfo;
		};
		07D7199721E6AA520076D2CC /* PBXContainerItemProxy */ = {
			isa = PBXContainerItemProxy;
			containerPortal = 07D7196921E6AA510076D2CC /* Project object */;
			proxyType = 1;
			remoteGlobalIDString = 07D7197021E6AA510076D2CC;
			remoteInfo = InterestingInfo;
		};
/* End PBXContainerItemProxy section */

/* Begin PBXFileReference section */
		07D09C7E21E6E28A00C262C6 /* InfoTableViewController.swift */ = {isa = PBXFileReference; lastKnownFileType = sourcecode.swift; path = InfoTableViewController.swift; sourceTree = "<group>"; };
		07D09C9321E70A7800C262C6 /* TouchNodeBundle.swift */ = {isa = PBXFileReference; lastKnownFileType = sourcecode.swift; path = TouchNodeBundle.swift; sourceTree = "<group>"; };
		07D09C9721E70ABD00C262C6 /* TouchNode.swift */ = {isa = PBXFileReference; lastKnownFileType = sourcecode.swift; path = TouchNode.swift; sourceTree = "<group>"; };
		07D09C9B21E70C1400C262C6 /* NodeBundleListBuilder.swift */ = {isa = PBXFileReference; lastKnownFileType = sourcecode.swift; path = NodeBundleListBuilder.swift; sourceTree = "<group>"; };
		07D09C9F21E70D5000C262C6 /* NodeBundleListPositioner.swift */ = {isa = PBXFileReference; lastKnownFileType = sourcecode.swift; path = NodeBundleListPositioner.swift; sourceTree = "<group>"; };
		07D7197121E6AA510076D2CC /* InterestingInfo.app */ = {isa = PBXFileReference; explicitFileType = wrapper.application; includeInIndex = 0; path = InterestingInfo.app; sourceTree = BUILT_PRODUCTS_DIR; };
		07D7197421E6AA510076D2CC /* AppDelegate.swift */ = {isa = PBXFileReference; lastKnownFileType = sourcecode.swift; path = AppDelegate.swift; sourceTree = "<group>"; };
		07D7197621E6AA510076D2CC /* GameScene.sks */ = {isa = PBXFileReference; lastKnownFileType = file.sks; path = GameScene.sks; sourceTree = "<group>"; };
		07D7197A21E6AA510076D2CC /* GameScene.swift */ = {isa = PBXFileReference; lastKnownFileType = sourcecode.swift; path = GameScene.swift; sourceTree = "<group>"; };
		07D7197C21E6AA510076D2CC /* GameViewController.swift */ = {isa = PBXFileReference; lastKnownFileType = sourcecode.swift; path = GameViewController.swift; sourceTree = "<group>"; };
		07D7197F21E6AA510076D2CC /* Base */ = {isa = PBXFileReference; lastKnownFileType = file.storyboard; name = Base; path = Base.lproj/Main.storyboard; sourceTree = "<group>"; };
		07D7198121E6AA520076D2CC /* Assets.xcassets */ = {isa = PBXFileReference; lastKnownFileType = folder.assetcatalog; path = Assets.xcassets; sourceTree = "<group>"; };
		07D7198421E6AA520076D2CC /* Base */ = {isa = PBXFileReference; lastKnownFileType = file.storyboard; name = Base; path = Base.lproj/LaunchScreen.storyboard; sourceTree = "<group>"; };
		07D7198621E6AA520076D2CC /* Info.plist */ = {isa = PBXFileReference; lastKnownFileType = text.plist.xml; path = Info.plist; sourceTree = "<group>"; };
		07D7198B21E6AA520076D2CC /* InterestingInfoTests.xctest */ = {isa = PBXFileReference; explicitFileType = wrapper.cfbundle; includeInIndex = 0; path = InterestingInfoTests.xctest; sourceTree = BUILT_PRODUCTS_DIR; };
		07D7198F21E6AA520076D2CC /* InterestingInfoTests.swift */ = {isa = PBXFileReference; lastKnownFileType = sourcecode.swift; path = InterestingInfoTests.swift; sourceTree = "<group>"; };
		07D7199121E6AA520076D2CC /* Info.plist */ = {isa = PBXFileReference; lastKnownFileType = text.plist.xml; path = Info.plist; sourceTree = "<group>"; };
		07D7199621E6AA520076D2CC /* InterestingInfoUITests.xctest */ = {isa = PBXFileReference; explicitFileType = wrapper.cfbundle; includeInIndex = 0; path = InterestingInfoUITests.xctest; sourceTree = BUILT_PRODUCTS_DIR; };
		07D7199A21E6AA520076D2CC /* InterestingInfoUITests.swift */ = {isa = PBXFileReference; lastKnownFileType = sourcecode.swift; path = InterestingInfoUITests.swift; sourceTree = "<group>"; };
		07D7199C21E6AA520076D2CC /* Info.plist */ = {isa = PBXFileReference; lastKnownFileType = text.plist.xml; path = Info.plist; sourceTree = "<group>"; };
/* End PBXFileReference section */

/* Begin PBXFrameworksBuildPhase section */
		07D7196E21E6AA510076D2CC /* Frameworks */ = {
			isa = PBXFrameworksBuildPhase;
			buildActionMask = 2147483647;
			files = (
			);
			runOnlyForDeploymentPostprocessing = 0;
		};
		07D7198821E6AA520076D2CC /* Frameworks */ = {
			isa = PBXFrameworksBuildPhase;
			buildActionMask = 2147483647;
			files = (
			);
			runOnlyForDeploymentPostprocessing = 0;
		};
		07D7199321E6AA520076D2CC /* Frameworks */ = {
			isa = PBXFrameworksBuildPhase;
			buildActionMask = 2147483647;
			files = (
			);
			runOnlyForDeploymentPostprocessing = 0;
		};
/* End PBXFrameworksBuildPhase section */

/* Begin PBXGroup section */
		07D09C7B21E6E19D00C262C6 /* View Controllers */ = {
			isa = PBXGroup;
			children = (
				07D7197C21E6AA510076D2CC /* GameViewController.swift */,
				07D09C7E21E6E28A00C262C6 /* InfoTableViewController.swift */,
			);
			path = "View Controllers";
			sourceTree = "<group>";
		};
		07D09C7C21E6E1C500C262C6 /* Scene Editor FIles */ = {
			isa = PBXGroup;
			children = (
				07D7197621E6AA510076D2CC /* GameScene.sks */,
			);
			path = "Scene Editor FIles";
			sourceTree = "<group>";
		};
		07D09C7D21E6E22900C262C6 /* Storyboards */ = {
			isa = PBXGroup;
			children = (
				07D7198321E6AA520076D2CC /* LaunchScreen.storyboard */,
				07D7197E21E6AA510076D2CC /* Main.storyboard */,
			);
			path = Storyboards;
			sourceTree = "<group>";
		};
		07D09C8221E6E2CD00C262C6 /* ResponderNodes */ = {
			isa = PBXGroup;
			children = (
				07D09C9321E70A7800C262C6 /* TouchNodeBundle.swift */,
				07D09C9721E70ABD00C262C6 /* TouchNode.swift */,
				07D09C9B21E70C1400C262C6 /* NodeBundleListBuilder.swift */,
				07D09C9F21E70D5000C262C6 /* NodeBundleListPositioner.swift */,
			);
			path = ResponderNodes;
			sourceTree = "<group>";
		};
		07D7196821E6AA510076D2CC = {
			isa = PBXGroup;
			children = (
				07D7197321E6AA510076D2CC /* InterestingInfo */,
				07D7198E21E6AA520076D2CC /* InterestingInfoTests */,
				07D7199921E6AA520076D2CC /* InterestingInfoUITests */,
				07D7197221E6AA510076D2CC /* Products */,
			);
			sourceTree = "<group>";
		};
		07D7197221E6AA510076D2CC /* Products */ = {
			isa = PBXGroup;
			children = (
				07D7197121E6AA510076D2CC /* InterestingInfo.app */,
				07D7198B21E6AA520076D2CC /* InterestingInfoTests.xctest */,
				07D7199621E6AA520076D2CC /* InterestingInfoUITests.xctest */,
			);
			name = Products;
			sourceTree = "<group>";
		};
		07D7197321E6AA510076D2CC /* InterestingInfo */ = {
			isa = PBXGroup;
			children = (
				07D09C7C21E6E1C500C262C6 /* Scene Editor FIles */,
				07D09C7B21E6E19D00C262C6 /* View Controllers */,
				07D7197421E6AA510076D2CC /* AppDelegate.swift */,
				07D09C7D21E6E22900C262C6 /* Storyboards */,
				07D7197A21E6AA510076D2CC /* GameScene.swift */,
				07D09C8221E6E2CD00C262C6 /* ResponderNodes */,
				07D7198121E6AA520076D2CC /* Assets.xcassets */,
				07D7198621E6AA520076D2CC /* Info.plist */,
			);
			path = InterestingInfo;
			sourceTree = "<group>";
		};
		07D7198E21E6AA520076D2CC /* InterestingInfoTests */ = {
			isa = PBXGroup;
			children = (
				07D7198F21E6AA520076D2CC /* InterestingInfoTests.swift */,
				07D7199121E6AA520076D2CC /* Info.plist */,
			);
			path = InterestingInfoTests;
			sourceTree = "<group>";
		};
		07D7199921E6AA520076D2CC /* InterestingInfoUITests */ = {
			isa = PBXGroup;
			children = (
				07D7199A21E6AA520076D2CC /* InterestingInfoUITests.swift */,
				07D7199C21E6AA520076D2CC /* Info.plist */,
			);
			path = InterestingInfoUITests;
			sourceTree = "<group>";
		};
/* End PBXGroup section */

/* Begin PBXNativeTarget section */
		07D7197021E6AA510076D2CC /* InterestingInfo */ = {
			isa = PBXNativeTarget;
			buildConfigurationList = 07D7199F21E6AA520076D2CC /* Build configuration list for PBXNativeTarget "InterestingInfo" */;
			buildPhases = (
				07D7196D21E6AA510076D2CC /* Sources */,
				07D7196E21E6AA510076D2CC /* Frameworks */,
				07D7196F21E6AA510076D2CC /* Resources */,
			);
			buildRules = (
			);
			dependencies = (
			);
			name = InterestingInfo;
			productName = InterestingInfo;
			productReference = 07D7197121E6AA510076D2CC /* InterestingInfo.app */;
			productType = "com.apple.product-type.application";
		};
		07D7198A21E6AA520076D2CC /* InterestingInfoTests */ = {
			isa = PBXNativeTarget;
			buildConfigurationList = 07D719A221E6AA520076D2CC /* Build configuration list for PBXNativeTarget "InterestingInfoTests" */;
			buildPhases = (
				07D7198721E6AA520076D2CC /* Sources */,
				07D7198821E6AA520076D2CC /* Frameworks */,
				07D7198921E6AA520076D2CC /* Resources */,
			);
			buildRules = (
			);
			dependencies = (
				07D7198D21E6AA520076D2CC /* PBXTargetDependency */,
			);
			name = InterestingInfoTests;
			productName = InterestingInfoTests;
			productReference = 07D7198B21E6AA520076D2CC /* InterestingInfoTests.xctest */;
			productType = "com.apple.product-type.bundle.unit-test";
		};
		07D7199521E6AA520076D2CC /* InterestingInfoUITests */ = {
			isa = PBXNativeTarget;
			buildConfigurationList = 07D719A521E6AA520076D2CC /* Build configuration list for PBXNativeTarget "InterestingInfoUITests" */;
			buildPhases = (
				07D7199221E6AA520076D2CC /* Sources */,
				07D7199321E6AA520076D2CC /* Frameworks */,
				07D7199421E6AA520076D2CC /* Resources */,
			);
			buildRules = (
			);
			dependencies = (
				07D7199821E6AA520076D2CC /* PBXTargetDependency */,
			);
			name = InterestingInfoUITests;
			productName = InterestingInfoUITests;
			productReference = 07D7199621E6AA520076D2CC /* InterestingInfoUITests.xctest */;
			productType = "com.apple.product-type.bundle.ui-testing";
		};
/* End PBXNativeTarget section */

/* Begin PBXProject section */
		07D7196921E6AA510076D2CC /* Project object */ = {
			isa = PBXProject;
			attributes = {
				LastSwiftUpdateCheck = 1010;
				LastUpgradeCheck = 1010;
				ORGANIZATIONNAME = "Onomaly LLC";
				TargetAttributes = {
					07D7197021E6AA510076D2CC = {
						CreatedOnToolsVersion = 10.1;
					};
					07D7198A21E6AA520076D2CC = {
						CreatedOnToolsVersion = 10.1;
						TestTargetID = 07D7197021E6AA510076D2CC;
					};
					07D7199521E6AA520076D2CC = {
						CreatedOnToolsVersion = 10.1;
						TestTargetID = 07D7197021E6AA510076D2CC;
					};
				};
			};
			buildConfigurationList = 07D7196C21E6AA510076D2CC /* Build configuration list for PBXProject "InterestingInfo" */;
			compatibilityVersion = "Xcode 9.3";
			developmentRegion = en;
			hasScannedForEncodings = 0;
			knownRegions = (
				en,
				Base,
			);
			mainGroup = 07D7196821E6AA510076D2CC;
			productRefGroup = 07D7197221E6AA510076D2CC /* Products */;
			projectDirPath = "";
			projectRoot = "";
			targets = (
				07D7197021E6AA510076D2CC /* InterestingInfo */,
				07D7198A21E6AA520076D2CC /* InterestingInfoTests */,
				07D7199521E6AA520076D2CC /* InterestingInfoUITests */,
			);
		};
/* End PBXProject section */

/* Begin PBXResourcesBuildPhase section */
		07D7196F21E6AA510076D2CC /* Resources */ = {
			isa = PBXResourcesBuildPhase;
			buildActionMask = 2147483647;
			files = (
				07D7198021E6AA510076D2CC /* Main.storyboard in Resources */,
				07D7197721E6AA510076D2CC /* GameScene.sks in Resources */,
				07D7198221E6AA520076D2CC /* Assets.xcassets in Resources */,
				07D7198521E6AA520076D2CC /* LaunchScreen.storyboard in Resources */,
			);
			runOnlyForDeploymentPostprocessing = 0;
		};
		07D7198921E6AA520076D2CC /* Resources */ = {
			isa = PBXResourcesBuildPhase;
			buildActionMask = 2147483647;
			files = (
			);
			runOnlyForDeploymentPostprocessing = 0;
		};
		07D7199421E6AA520076D2CC /* Resources */ = {
			isa = PBXResourcesBuildPhase;
			buildActionMask = 2147483647;
			files = (
			);
			runOnlyForDeploymentPostprocessing = 0;
		};
/* End PBXResourcesBuildPhase section */

/* Begin PBXSourcesBuildPhase section */
		07D7196D21E6AA510076D2CC /* Sources */ = {
			isa = PBXSourcesBuildPhase;
			buildActionMask = 2147483647;
			files = (
				07D09CA021E70D5000C262C6 /* NodeBundleListPositioner.swift in Sources */,
				07D09C9821E70ABD00C262C6 /* TouchNode.swift in Sources */,
				07D7197B21E6AA510076D2CC /* GameScene.swift in Sources */,
				07D7197D21E6AA510076D2CC /* GameViewController.swift in Sources */,
				07D7197521E6AA510076D2CC /* AppDelegate.swift in Sources */,
				07D09C9C21E70C1400C262C6 /* NodeBundleListBuilder.swift in Sources */,
				07D09C9421E70A7800C262C6 /* TouchNodeBundle.swift in Sources */,
				07D09C7F21E6E28A00C262C6 /* InfoTableViewController.swift in Sources */,
			);
			runOnlyForDeploymentPostprocessing = 0;
		};
		07D7198721E6AA520076D2CC /* Sources */ = {
			isa = PBXSourcesBuildPhase;
			buildActionMask = 2147483647;
			files = (
				07D09C9D21E70C1400C262C6 /* NodeBundleListBuilder.swift in Sources */,
				07D09C9521E70A7800C262C6 /* TouchNodeBundle.swift in Sources */,
				07D09C9921E70ABD00C262C6 /* TouchNode.swift in Sources */,
				07D7199021E6AA520076D2CC /* InterestingInfoTests.swift in Sources */,
				07D09CA121E70D5000C262C6 /* NodeBundleListPositioner.swift in Sources */,
				07D09C8021E6E28A00C262C6 /* InfoTableViewController.swift in Sources */,
			);
			runOnlyForDeploymentPostprocessing = 0;
		};
		07D7199221E6AA520076D2CC /* Sources */ = {
			isa = PBXSourcesBuildPhase;
			buildActionMask = 2147483647;
			files = (
				07D09C9E21E70C1400C262C6 /* NodeBundleListBuilder.swift in Sources */,
				07D09C9621E70A7800C262C6 /* TouchNodeBundle.swift in Sources */,
				07D09C9A21E70ABD00C262C6 /* TouchNode.swift in Sources */,
				07D7199B21E6AA520076D2CC /* InterestingInfoUITests.swift in Sources */,
				07D09CA221E70D5000C262C6 /* NodeBundleListPositioner.swift in Sources */,
				07D09C8121E6E28A00C262C6 /* InfoTableViewController.swift in Sources */,
			);
			runOnlyForDeploymentPostprocessing = 0;
		};
/* End PBXSourcesBuildPhase section */

/* Begin PBXTargetDependency section */
		07D7198D21E6AA520076D2CC /* PBXTargetDependency */ = {
			isa = PBXTargetDependency;
			target = 07D7197021E6AA510076D2CC /* InterestingInfo */;
			targetProxy = 07D7198C21E6AA520076D2CC /* PBXContainerItemProxy */;
		};
		07D7199821E6AA520076D2CC /* PBXTargetDependency */ = {
			isa = PBXTargetDependency;
			target = 07D7197021E6AA510076D2CC /* InterestingInfo */;
			targetProxy = 07D7199721E6AA520076D2CC /* PBXContainerItemProxy */;
		};
/* End PBXTargetDependency section */

/* Begin PBXVariantGroup section */
		07D7197E21E6AA510076D2CC /* Main.storyboard */ = {
			isa = PBXVariantGroup;
			children = (
				07D7197F21E6AA510076D2CC /* Base */,
			);
			name = Main.storyboard;
			sourceTree = "<group>";
		};
		07D7198321E6AA520076D2CC /* LaunchScreen.storyboard */ = {
			isa = PBXVariantGroup;
			children = (
				07D7198421E6AA520076D2CC /* Base */,
			);
			name = LaunchScreen.storyboard;
			sourceTree = "<group>";
		};
/* End PBXVariantGroup section */

/* Begin XCBuildConfiguration section */
		07D7199D21E6AA520076D2CC /* Debug */ = {
			isa = XCBuildConfiguration;
			buildSettings = {
				ALWAYS_SEARCH_USER_PATHS = NO;
				CLANG_ANALYZER_NONNULL = YES;
				CLANG_ANALYZER_NUMBER_OBJECT_CONVERSION = YES_AGGRESSIVE;
				CLANG_CXX_LANGUAGE_STANDARD = "gnu++14";
				CLANG_CXX_LIBRARY = "libc++";
				CLANG_ENABLE_MODULES = YES;
				CLANG_ENABLE_OBJC_ARC = YES;
				CLANG_ENABLE_OBJC_WEAK = YES;
				CLANG_WARN_BLOCK_CAPTURE_AUTORELEASING = YES;
				CLANG_WARN_BOOL_CONVERSION = YES;
				CLANG_WARN_COMMA = YES;
				CLANG_WARN_CONSTANT_CONVERSION = YES;
				CLANG_WARN_DEPRECATED_OBJC_IMPLEMENTATIONS = YES;
				CLANG_WARN_DIRECT_OBJC_ISA_USAGE = YES_ERROR;
				CLANG_WARN_DOCUMENTATION_COMMENTS = YES;
				CLANG_WARN_EMPTY_BODY = YES;
				CLANG_WARN_ENUM_CONVERSION = YES;
				CLANG_WARN_INFINITE_RECURSION = YES;
				CLANG_WARN_INT_CONVERSION = YES;
				CLANG_WARN_NON_LITERAL_NULL_CONVERSION = YES;
				CLANG_WARN_OBJC_IMPLICIT_RETAIN_SELF = YES;
				CLANG_WARN_OBJC_LITERAL_CONVERSION = YES;
				CLANG_WARN_OBJC_ROOT_CLASS = YES_ERROR;
				CLANG_WARN_RANGE_LOOP_ANALYSIS = YES;
				CLANG_WARN_STRICT_PROTOTYPES = YES;
				CLANG_WARN_SUSPICIOUS_MOVE = YES;
				CLANG_WARN_UNGUARDED_AVAILABILITY = YES_AGGRESSIVE;
				CLANG_WARN_UNREACHABLE_CODE = YES;
				CLANG_WARN__DUPLICATE_METHOD_MATCH = YES;
				CODE_SIGN_IDENTITY = "iPhone Developer";
				COPY_PHASE_STRIP = NO;
				DEBUG_INFORMATION_FORMAT = dwarf;
				ENABLE_STRICT_OBJC_MSGSEND = YES;
				ENABLE_TESTABILITY = YES;
				GCC_C_LANGUAGE_STANDARD = gnu11;
				GCC_DYNAMIC_NO_PIC = NO;
				GCC_NO_COMMON_BLOCKS = YES;
				GCC_OPTIMIZATION_LEVEL = 0;
				GCC_PREPROCESSOR_DEFINITIONS = (
					"DEBUG=1",
					"$(inherited)",
				);
				GCC_WARN_64_TO_32_BIT_CONVERSION = YES;
				GCC_WARN_ABOUT_RETURN_TYPE = YES_ERROR;
				GCC_WARN_UNDECLARED_SELECTOR = YES;
				GCC_WARN_UNINITIALIZED_AUTOS = YES_AGGRESSIVE;
				GCC_WARN_UNUSED_FUNCTION = YES;
				GCC_WARN_UNUSED_VARIABLE = YES;
				IPHONEOS_DEPLOYMENT_TARGET = 12.1;
				MTL_ENABLE_DEBUG_INFO = INCLUDE_SOURCE;
				MTL_FAST_MATH = YES;
				ONLY_ACTIVE_ARCH = YES;
				SDKROOT = iphoneos;
				SWIFT_ACTIVE_COMPILATION_CONDITIONS = DEBUG;
				SWIFT_OPTIMIZATION_LEVEL = "-Onone";
			};
			name = Debug;
		};
		07D7199E21E6AA520076D2CC /* Release */ = {
			isa = XCBuildConfiguration;
			buildSettings = {
				ALWAYS_SEARCH_USER_PATHS = NO;
				CLANG_ANALYZER_NONNULL = YES;
				CLANG_ANALYZER_NUMBER_OBJECT_CONVERSION = YES_AGGRESSIVE;
				CLANG_CXX_LANGUAGE_STANDARD = "gnu++14";
				CLANG_CXX_LIBRARY = "libc++";
				CLANG_ENABLE_MODULES = YES;
				CLANG_ENABLE_OBJC_ARC = YES;
				CLANG_ENABLE_OBJC_WEAK = YES;
				CLANG_WARN_BLOCK_CAPTURE_AUTORELEASING = YES;
				CLANG_WARN_BOOL_CONVERSION = YES;
				CLANG_WARN_COMMA = YES;
				CLANG_WARN_CONSTANT_CONVERSION = YES;
				CLANG_WARN_DEPRECATED_OBJC_IMPLEMENTATIONS = YES;
				CLANG_WARN_DIRECT_OBJC_ISA_USAGE = YES_ERROR;
				CLANG_WARN_DOCUMENTATION_COMMENTS = YES;
				CLANG_WARN_EMPTY_BODY = YES;
				CLANG_WARN_ENUM_CONVERSION = YES;
				CLANG_WARN_INFINITE_RECURSION = YES;
				CLANG_WARN_INT_CONVERSION = YES;
				CLANG_WARN_NON_LITERAL_NULL_CONVERSION = YES;
				CLANG_WARN_OBJC_IMPLICIT_RETAIN_SELF = YES;
				CLANG_WARN_OBJC_LITERAL_CONVERSION = YES;
				CLANG_WARN_OBJC_ROOT_CLASS = YES_ERROR;
				CLANG_WARN_RANGE_LOOP_ANALYSIS = YES;
				CLANG_WARN_STRICT_PROTOTYPES = YES;
				CLANG_WARN_SUSPICIOUS_MOVE = YES;
				CLANG_WARN_UNGUARDED_AVAILABILITY = YES_AGGRESSIVE;
				CLANG_WARN_UNREACHABLE_CODE = YES;
				CLANG_WARN__DUPLICATE_METHOD_MATCH = YES;
				CODE_SIGN_IDENTITY = "iPhone Developer";
				COPY_PHASE_STRIP = NO;
				DEBUG_INFORMATION_FORMAT = "dwarf-with-dsym";
				ENABLE_NS_ASSERTIONS = NO;
				ENABLE_STRICT_OBJC_MSGSEND = YES;
				GCC_C_LANGUAGE_STANDARD = gnu11;
				GCC_NO_COMMON_BLOCKS = YES;
				GCC_WARN_64_TO_32_BIT_CONVERSION = YES;
				GCC_WARN_ABOUT_RETURN_TYPE = YES_ERROR;
				GCC_WARN_UNDECLARED_SELECTOR = YES;
				GCC_WARN_UNINITIALIZED_AUTOS = YES_AGGRESSIVE;
				GCC_WARN_UNUSED_FUNCTION = YES;
				GCC_WARN_UNUSED_VARIABLE = YES;
				IPHONEOS_DEPLOYMENT_TARGET = 12.1;
				MTL_ENABLE_DEBUG_INFO = NO;
				MTL_FAST_MATH = YES;
				SDKROOT = iphoneos;
				SWIFT_COMPILATION_MODE = wholemodule;
				SWIFT_OPTIMIZATION_LEVEL = "-O";
				VALIDATE_PRODUCT = YES;
			};
			name = Release;
		};
		07D719A021E6AA520076D2CC /* Debug */ = {
			isa = XCBuildConfiguration;
			buildSettings = {
				ASSETCATALOG_COMPILER_APPICON_NAME = AppIcon;
				CODE_SIGN_STYLE = Automatic;
				DEVELOPMENT_TEAM = J8635K3BWN;
				INFOPLIST_FILE = InterestingInfo/Info.plist;
				LD_RUNPATH_SEARCH_PATHS = (
					"$(inherited)",
					"@executable_path/Frameworks",
				);
				PRODUCT_BUNDLE_IDENTIFIER = com.onomaly.InterestingInfo;
				PRODUCT_NAME = "$(TARGET_NAME)";
				SWIFT_VERSION = 4.2;
				TARGETED_DEVICE_FAMILY = "1,2";
			};
			name = Debug;
		};
		07D719A121E6AA520076D2CC /* Release */ = {
			isa = XCBuildConfiguration;
			buildSettings = {
				ASSETCATALOG_COMPILER_APPICON_NAME = AppIcon;
				CODE_SIGN_STYLE = Automatic;
				DEVELOPMENT_TEAM = J8635K3BWN;
				INFOPLIST_FILE = InterestingInfo/Info.plist;
				LD_RUNPATH_SEARCH_PATHS = (
					"$(inherited)",
					"@executable_path/Frameworks",
				);
				PRODUCT_BUNDLE_IDENTIFIER = com.onomaly.InterestingInfo;
				PRODUCT_NAME = "$(TARGET_NAME)";
				SWIFT_VERSION = 4.2;
				TARGETED_DEVICE_FAMILY = "1,2";
			};
			name = Release;
		};
		07D719A321E6AA520076D2CC /* Debug */ = {
			isa = XCBuildConfiguration;
			buildSettings = {
				ALWAYS_EMBED_SWIFT_STANDARD_LIBRARIES = YES;
				BUNDLE_LOADER = "$(TEST_HOST)";
				CODE_SIGN_STYLE = Automatic;
				DEVELOPMENT_TEAM = J8635K3BWN;
				INFOPLIST_FILE = InterestingInfoTests/Info.plist;
				LD_RUNPATH_SEARCH_PATHS = (
					"$(inherited)",
					"@executable_path/Frameworks",
					"@loader_path/Frameworks",
				);
				PRODUCT_BUNDLE_IDENTIFIER = com.onomaly.InterestingInfoTests;
				PRODUCT_NAME = "$(TARGET_NAME)";
				SWIFT_VERSION = 4.2;
				TARGETED_DEVICE_FAMILY = "1,2";
				TEST_HOST = "$(BUILT_PRODUCTS_DIR)/InterestingInfo.app/InterestingInfo";
			};
			name = Debug;
		};
		07D719A421E6AA520076D2CC /* Release */ = {
			isa = XCBuildConfiguration;
			buildSettings = {
				ALWAYS_EMBED_SWIFT_STANDARD_LIBRARIES = YES;
				BUNDLE_LOADER = "$(TEST_HOST)";
				CODE_SIGN_STYLE = Automatic;
				DEVELOPMENT_TEAM = J8635K3BWN;
				INFOPLIST_FILE = InterestingInfoTests/Info.plist;
				LD_RUNPATH_SEARCH_PATHS = (
					"$(inherited)",
					"@executable_path/Frameworks",
					"@loader_path/Frameworks",
				);
				PRODUCT_BUNDLE_IDENTIFIER = com.onomaly.InterestingInfoTests;
				PRODUCT_NAME = "$(TARGET_NAME)";
				SWIFT_VERSION = 4.2;
				TARGETED_DEVICE_FAMILY = "1,2";
				TEST_HOST = "$(BUILT_PRODUCTS_DIR)/InterestingInfo.app/InterestingInfo";
			};
			name = Release;
		};
		07D719A621E6AA520076D2CC /* Debug */ = {
			isa = XCBuildConfiguration;
			buildSettings = {
				ALWAYS_EMBED_SWIFT_STANDARD_LIBRARIES = YES;
				CODE_SIGN_STYLE = Automatic;
				DEVELOPMENT_TEAM = J8635K3BWN;
				INFOPLIST_FILE = InterestingInfoUITests/Info.plist;
				LD_RUNPATH_SEARCH_PATHS = (
					"$(inherited)",
					"@executable_path/Frameworks",
					"@loader_path/Frameworks",
				);
				PRODUCT_BUNDLE_IDENTIFIER = com.onomaly.InterestingInfoUITests;
				PRODUCT_NAME = "$(TARGET_NAME)";
				SWIFT_VERSION = 4.2;
				TARGETED_DEVICE_FAMILY = "1,2";
				TEST_TARGET_NAME = InterestingInfo;
			};
			name = Debug;
		};
		07D719A721E6AA520076D2CC /* Release */ = {
			isa = XCBuildConfiguration;
			buildSettings = {
				ALWAYS_EMBED_SWIFT_STANDARD_LIBRARIES = YES;
				CODE_SIGN_STYLE = Automatic;
				DEVELOPMENT_TEAM = J8635K3BWN;
				INFOPLIST_FILE = InterestingInfoUITests/Info.plist;
				LD_RUNPATH_SEARCH_PATHS = (
					"$(inherited)",
					"@executable_path/Frameworks",
					"@loader_path/Frameworks",
				);
				PRODUCT_BUNDLE_IDENTIFIER = com.onomaly.InterestingInfoUITests;
				PRODUCT_NAME = "$(TARGET_NAME)";
				SWIFT_VERSION = 4.2;
				TARGETED_DEVICE_FAMILY = "1,2";
				TEST_TARGET_NAME = InterestingInfo;
			};
			name = Release;
		};
/* End XCBuildConfiguration section */

/* Begin XCConfigurationList section */
		07D7196C21E6AA510076D2CC /* Build configuration list for PBXProject "InterestingInfo" */ = {
			isa = XCConfigurationList;
			buildConfigurations = (
				07D7199D21E6AA520076D2CC /* Debug */,
				07D7199E21E6AA520076D2CC /* Release */,
			);
			defaultConfigurationIsVisible = 0;
			defaultConfigurationName = Release;
		};
		07D7199F21E6AA520076D2CC /* Build configuration list for PBXNativeTarget "InterestingInfo" */ = {
			isa = XCConfigurationList;
			buildConfigurations = (
				07D719A021E6AA520076D2CC /* Debug */,
				07D719A121E6AA520076D2CC /* Release */,
			);
			defaultConfigurationIsVisible = 0;
			defaultConfigurationName = Release;
		};
		07D719A221E6AA520076D2CC /* Build configuration list for PBXNativeTarget "InterestingInfoTests" */ = {
			isa = XCConfigurationList;
			buildConfigurations = (
				07D719A321E6AA520076D2CC /* Debug */,
				07D719A421E6AA520076D2CC /* Release */,
			);
			defaultConfigurationIsVisible = 0;
			defaultConfigurationName = Release;
		};
		07D719A521E6AA520076D2CC /* Build configuration list for PBXNativeTarget "InterestingInfoUITests" */ = {
			isa = XCConfigurationList;
			buildConfigurations = (
				07D719A621E6AA520076D2CC /* Debug */,
				07D719A721E6AA520076D2CC /* Release */,
			);
			defaultConfigurationIsVisible = 0;
			defaultConfigurationName = Release;
		};
/* End XCConfigurationList section */
	};
	rootObject = 07D7196921E6AA510076D2CC /* Project object */;
}
